{
  "version": 1,
  "dependencies": {
    "net8.0": {
      "Avalonia": {
        "type": "Direct",
        "requested": "[11.3.18, )",
        "resolved": "11.3.18",
        "contentHash": "2C4UxhWUObWGgYKWic1x5BMMWGJP6SElb91WeOxs+X/iR26rtkqpxFFwwo50FXS9AyYnHfk8QKXDEfe7oT/kZA==",
        "dependencies": {
          "Avalonia.BuildServices": "11.3.2",
          "Avalonia.Remote.Protocol": "11.3.18",
          "MicroCom.Runtime": "0.11.0"
        }
      },
      "Avalonia.Desktop": {
        "type": "Direct",
        "requested": "[11.3.18, )",
        "resolved": "11.3.18",
        "contentHash": "bilMPa5vYiis6fbNovb6esKytBnOCEGojBa1XFegLCRHCP6g6PvZwS0XF/YOAGkENRlHG8dI7lohOpQ9bIkq1g==",
        "dependencies": {
          "Avalonia": "11.3.18",
          "Avalonia.Native": "11.3.18",
          "Avalonia.Skia": "11.3.18",
          "Avalonia.Win32": "11.3.18",
          "Avalonia.X11": "11.3.18"
        }
      },
      "Avalonia.Diagnostics": {
        "type": "Direct",
        "requested": "[11.3.18, )",
        "resolved": "11.3.18",
        "contentHash": "LQpL/zsaHpJ+mM1/ABmjPCQJbyyhtmTYuiPDCwTM6GVzyUne2InauVjAlFY5FaxgoHUx2ZDAkfJn3vdHn1/gsQ==",
        "dependencies": {
          "Avalonia": "11.3.18",
          "Avalonia.Controls.ColorPicker": "11.3.18",
          "Avalonia.Themes.Simple": "11.3.18"
        }
      },
      "Avalonia.Fonts.Inter": {
        "type": "Direct",
        "requested": "[11.3.18, )",
        "resolved": "11.3.18",
        "contentHash": "27u6hB3Y2Ue586yjfeVakberY73VNQXtuKwe/P927XG1QPlhsfmOyifLHDDpSHG85Zl1x/Xv9IZ3+tk9FnjcZQ==",
        "dependencies": {
          "Avalonia": "11.3.18"
        }
      },
      "Avalonia.Themes.Fluent": {
        "type": "Direct",
        "requested": "[11.3.18, )",
        "resolved": "11.3.18",
        "contentHash": "+Q/TJoynD0zNuu5w2gD+xcTl7GNKJFxlPYAndRLs/mTDrNbbsvv/271WyIysbMPsXSjCyBDp7RCZzQkpD6x5Bg==",
        "dependencies": {
          "Avalonia": "11.3.18"
        }
      },
      "Avalonia.Angle.Windows.Natives": {
        "type": "Transitive",
        "resolved": "2.1.25547.20250602",
        "contentHash": "ZL0VLc4s9rvNNFt19Pxm5UNAkmKNylugAwJPX9ulXZ6JWs/l6XZihPWWTyezaoNOVyEPU8YbURtW7XMAtqXH5A=="
      },
      "Avalonia.BuildServices": {
        "type": "Transitive",
        "resolved": "11.3.2",
        "contentHash": "qHDToxto1e3hci5YqbG9n0Ty8mlp3zBUN5wT66wKqaDVzXyQ0do3EnRILd4Ke9jpvsktaPpgE0YjEk7hornryQ=="
      },
      "Avalonia.Controls.ColorPicker": {
        "type": "Transitive",
        "resolved": "11.3.18",
        "contentHash": "gcl2yQLQpS38Ur9MduD98GXzYaZEbwzYhaBmTh7Hp0YyXI4B2FlXXPdB4nijPI6WuoYdM24akdnF6uCeWL6q3Q==",
        "dependencies": {
          "Avalonia": "11.3.18",
          "Avalonia.Remote.Protocol": "11.3.18"
        }
      },
      "Avalonia.FreeDesktop": {
        "type": "Transitive",
        "resolved": "11.3.18",
        "contentHash": "aUwv8BNruRUOaUfMu4U3uibIUS60/rSHgGOhd8zBkLkpxY3JFJvgRbeq5ZzHIyKXCuKi18PO00YHAgCarp3wdw==",
        "dependencies": {
          "Avalonia": "11.3.18",
          "Tmds.DBus.Protocol": "0.21.3"
        }
      },
      "Avalonia.Native": {
        "type": "Transitive",
        "resolved": "11.3.18",
        "contentHash": "8g53DROFW6wVJAnTsE1Iu5bdZO5r0oqxbdbMQODs1QDYCK2IU/y/x/vQVKCYOvqxl4tXkzU9tExv8XqSGPWthQ==",
        "dependencies": {
          "Avalonia": "11.3.18"
        }
      },
      "Avalonia.Remote.Protocol": {
        "type": "Transitive",
        "resolved": "11.3.18",
        "contentHash": "vw+6ZfgTuu72dA9aVWn6u56t2nrBd5MoMU0wo/qI9XJAl/c0oYYphIvwLvJP1JorubQY4UE3d0ac8ULBhrGBiA=="
      },
      "Avalonia.Skia": {
        "type": "Transitive",
        "resolved": "11.3.18",
        "contentHash": "/B4aXmNRNjG8I5U/a1xJI+bIi0XO6DDzS3mBrIKlVnJRY2CyZiUeESRQXLnIU77Z9TvqkUROs+D47s085YjFtA==",
        "dependencies": {
          "Avalonia": "11.3.18",
          "HarfBuzzSharp": "8.3.1.1",
          "HarfBuzzSharp.NativeAssets.Linux": "8.3.1.1",
          "HarfBuzzSharp.NativeAssets.WebAssembly": "8.3.1.1",
          "SkiaSharp": "2.88.9",
          "SkiaSharp.NativeAssets.Linux": "2.88.9",
          "SkiaSharp.NativeAssets.WebAssembly": "2.88.9"
        }
      },
      "Avalonia.Themes.Simple": {
        "type": "Transitive",
        "resolved": "11.3.18",
        "contentHash": "aDCqBg6NnvUJOd9Ejt49htV6vwUIOV6K8jTNm7/bp9NqNr3h3xDR1vkw+Q48hm+ee8v6Gm4jiBy3g9O8k7Yv2w==",
        "dependencies": {
          "Avalonia": "11.3.18"
        }
      },
      "Avalonia.Win32": {
        "type": "Transitive",
        "resolved": "11.3.18",
        "contentHash": "eioUHkM2PeLPETd1aEks3rvb9plbba6buIrNdrqCpwE/qgHKUjvRNBd5mUQfAbGgTLiAes524gB8uUMDhrsJVQ==",
        "dependencies": {
          "Avalonia": "11.3.18",
          "Avalonia.Angle.Windows.Natives": "2.1.25547.20250602"
        }
      },
      "Avalonia.X11": {
        "type": "Transitive",
        "resolved": "11.3.18",
        "contentHash": "m4Ki/G5Dovnq+6QzfS0iGbK8V77Q6oTjToMLOB0CxPCCrl3Oxywh6kIjuGJDPaN6kopMmjxlNShyQf+vPYL+JA==",
        "dependencies": {
          "Avalonia": "11.3.18",
          "Avalonia.FreeDesktop": "11.3.18",
          "Avalonia.Skia": "11.3.18"
        }
      },
      "HarfBuzzSharp": {
        "type": "Transitive",
        "resolved": "8.3.1.1",
        "contentHash": "tLZN66oe/uiRPTZfrCU4i8ScVGwqHNh5MHrXj0yVf4l7Mz0FhTGnQ71RGySROTmdognAs0JtluHkL41pIabWuQ==",
        "dependencies": {
          "HarfBuzzSharp.NativeAssets.Win32": "8.3.1.1",
          "HarfBuzzSharp.NativeAssets.macOS": "8.3.1.1"
        }
      },
      "HarfBuzzSharp.NativeAssets.Linux": {
        "type": "Transitive",
        "resolved": "8.3.1.1",
        "contentHash": "3EZ1mpIiKWRLL5hUYA82ZHteeDIVaEA/Z0rA/wU6tjx6crcAkJnBPwDXZugBSfo8+J3EznvRJf49uMsqYfKrHg=="
      },
      "HarfBuzzSharp.NativeAssets.macOS": {
        "type": "Transitive",
        "resolved": "8.3.1.1",
        "contentHash": "jbtCsgftcaFLCA13tVKo5iWdElJScrulLTKJre36O4YQTIlwDtPPqhRZNk+Y0vv4D1gxbscasGRucUDfS44ofQ=="
      },
      "HarfBuzzSharp.NativeAssets.WebAssembly": {
        "type": "Transitive",
        "resolved": "8.3.1.1",
        "contentHash": "loJweK2u/mH/3C2zBa0ggJlITIszOkK64HLAZB7FUT670dTg965whLFYHDQo69NmC4+d9UN0icLC9VHidXaVCA=="
      },
      "HarfBuzzSharp.NativeAssets.Win32": {
        "type": "Transitive",
        "resolved": "8.3.1.1",
        "contentHash": "UsJtQsfAJoFDZrXc4hCUfRPMqccfKZ0iumJ/upcUjz/cmsTgVFGNEL5yaJWmkqsuFYdMWbj/En5/kS4PFl9hBA=="
      },
      "MicroCom.Runtime": {
        "type": "Transitive",
        "resolved": "0.11.0",
        "contentHash": "MEnrZ3UIiH40hjzMDsxrTyi8dtqB5ziv3iBeeU4bXsL/7NLSal9F1lZKpK+tfBRnUoDSdtcW3KufE4yhATOMCA=="
      },
      "Microsoft.Extensions.Configuration": {
        "type": "Transitive",
        "resolved": "8.0.0",
        "contentHash": "0J/9YNXTMWSZP2p2+nvl8p71zpSwokZXZuJW+VjdErkegAnFdO1XlqtA62SJtgVYHdKu3uPxJHcMR/r35HwFBA==",
        "dependencies": {
          "Microsoft.Extensions.Configuration.Abstractions": "8.0.0",
          "Microsoft.Extensions.Primitives": "8.0.0"
        }
      },
      "Microsoft.Extensions.Configuration.Abstractions": {
        "type": "Transitive",
        "resolved": "8.0.0",
        "contentHash": "3lE/iLSutpgX1CC0NOW70FJoGARRHbyKmG7dc0klnUZ9Dd9hS6N/POPWhKhMLCEuNN5nXEY5agmlFtH562vqhQ==",
        "dependencies": {
          "Microsoft.Extensions.Primitives": "8.0.0"
        }
      },
      "Microsoft.Extensions.Configuration.Binder": {
        "type": "Transitive",
        "resolved": "8.0.2",
        "contentHash": "7IQhGK+wjyGrNsPBjJcZwWAr+Wf6D4+TwOptUt77bWtgNkiV8tDEbhFS+dDamtQFZ2X7kWG9m71iZQRj2x3zgQ==",
        "dependencies": {
          "Microsoft.Extensions.Configuration.Abstractions": "8.0.0"
        }
      },
      "Microsoft.Extensions.Configuration.CommandLine": {
        "type": "Transitive",
        "resolved": "8.0.0",
        "contentHash": "NZuZMz3Q8Z780nKX3ifV1fE7lS+6pynDHK71OfU4OZ1ItgvDOhyOC7E6z+JMZrAj63zRpwbdldYFk499t3+1dQ==",
        "dependencies": {
          "Microsoft.Extensions.Configuration": "8.0.0",
          "Microsoft.Extensions.Configuration.Abstractions": "8.0.0"
        }
      },
      "Microsoft.Extensions.Configuration.EnvironmentVariables": {
        "type": "Transitive",
        "resolved": "8.0.0",
        "contentHash": "plvZ0ZIpq+97gdPNNvhwvrEZ92kNml9hd1pe3idMA7svR0PztdzVLkoWLcRFgySYXUJc3kSM3Xw3mNFMo/bxRA==",
        "dependencies": {
          "Microsoft.Extensions.Configuration": "8.0.0",
          "Microsoft.Extensions.Configuration.Abstractions": "8.0.0"
        }
      },
      "Microsoft.Extensions.Configuration.FileExtensions": {
        "type": "Transitive",
        "resolved": "8.0.1",
        "contentHash": "EJzSNO9oaAXnTdtdNO6npPRsIIeZCBSNmdQ091VDO7fBiOtJAAeEq6dtrVXIi3ZyjC5XRSAtVvF8SzcneRHqKQ==",
        "dependencies": {
          "Microsoft.Extensions.Configuration": "8.0.0",
          "Microsoft.Extensions.Configuration.Abstractions": "8.0.0",
          "Microsoft.Extensions.FileProviders.Abstractions": "8.0.0",
          "Microsoft.Extensions.FileProviders.Physical": "8.0.0",
          "Microsoft.Extensions.Primitives": "8.0.0"
        }
      },
      "Microsoft.Extensions.Configuration.Json": {
        "type": "Transitive",
        "resolved": "8.0.1",
        "contentHash": "L89DLNuimOghjV3tLx0ArFDwVEJD6+uGB3BMCMX01kaLzXkaXHb2021xOMl2QOxUxbdePKUZsUY7n2UUkycjRg==",
        "dependencies": {
          "Microsoft.Extensions.Configuration": "8.0.0",
          "Microsoft.Extensions.Configuration.Abstractions": "8.0.0",
          "Microsoft.Extensions.Configuration.FileExtensions": "8.0.1",
          "Microsoft.Extensions.FileProviders.Abstractions": "8.0.0"
        }
      },
      "Microsoft.Extensions.Configuration.UserSecrets": {
        "type": "Transitive",
        "resolved": "8.0.1",
        "contentHash": "7tYqdPPpAK+3jO9d5LTuCK2VxrEdf85Ol4trUr6ds4jclBecadWZ/RyPCbNjfbN5iGTfUnD/h65TOQuqQv2c+A==",
        "dependencies": {
          "Microsoft.Extensions.Configuration.Abstractions": "8.0.0",
          "Microsoft.Extensions.Configuration.Json": "8.0.1",
          "Microsoft.Extensions.FileProviders.Abstractions": "8.0.0",
          "Microsoft.Extensions.FileProviders.Physical": "8.0.0"
        }
      },
      "Microsoft.Extensions.DependencyInjection": {
        "type": "Transitive",
        "resolved": "8.0.1",
        "contentHash": "BmANAnR5Xd4Oqw7yQ75xOAYODybZQRzdeNucg7kS5wWKd2PNnMdYtJ2Vciy0QLylRmv42DGl5+AFL9izA6F1Rw==",
        "dependencies": {
          "Microsoft.Extensions.DependencyInjection.Abstractions": "8.0.2"
        }
      },
      "Microsoft.Extensions.DependencyInjection.Abstractions": {
        "type": "Transitive",
        "resolved": "8.0.2",
        "contentHash": "3iE7UF7MQkCv1cxzCahz+Y/guQbTqieyxyaWKhrRO91itI9cOKO76OHeQDahqG4MmW5umr3CcCvGmK92lWNlbg=="
      },
      "Microsoft.Extensions.Diagnostics": {
        "type": "Transitive",
        "resolved": "8.0.1",
        "contentHash": "doVPCUUCY7c6LhBsEfiy3W1bvS7Mi6LkfQMS8nlC22jZWNxBv8VO8bdfeyvpYFst6Kxqk7HBC6lytmEoBssvSQ==",
        "dependencies": {
          "Microsoft.Extensions.Configuration": "8.0.0",
          "Microsoft.Extensions.Diagnostics.Abstractions": "8.0.1",
          "Microsoft.Extensions.Options.ConfigurationExtensions": "8.0.0"
        }
      },
      "Microsoft.Extensions.Diagnostics.Abstractions": {
        "type": "Transitive",
        "resolved": "8.0.1",
        "contentHash": "elH2vmwNmsXuKmUeMQ4YW9ldXiF+gSGDgg1vORksob5POnpaI6caj1Hu8zaYbEuibhqCoWg0YRWDazBY3zjBfg==",
        "dependencies": {
          "Microsoft.Extensions.DependencyInjection.Abstractions": "8.0.2",
          "Microsoft.Extensions.Options": "8.0.2"
        }
      },
      "Microsoft.Extensions.FileProviders.Abstractions": {
        "type": "Transitive",
        "resolved": "8.0.0",
        "contentHash": "ZbaMlhJlpisjuWbvXr4LdAst/1XxH3vZ6A0BsgTphZ2L4PGuxRLz7Jr/S7mkAAnOn78Vu0fKhEgNF5JO3zfjqQ==",
        "dependencies": {
          "Microsoft.Extensions.Primitives": "8.0.0"
        }
      },
      "Microsoft.Extensions.FileProviders.Physical": {
        "type": "Transitive",
        "resolved": "8.0.0",
        "contentHash": "UboiXxpPUpwulHvIAVE36Knq0VSHaAmfrFkegLyBZeaADuKezJ/AIXYAW8F5GBlGk/VaibN2k/Zn1ca8YAfVdA==",
        "dependencies": {
          "Microsoft.Extensions.FileProviders.Abstractions": "8.0.0",
          "Microsoft.Extensions.FileSystemGlobbing": "8.0.0",
          "Microsoft.Extensions.Primitives": "8.0.0"
        }
      },
      "Microsoft.Extensions.FileSystemGlobbing": {
        "type": "Transitive",
        "resolved": "8.0.0",
        "contentHash": "OK+670i7esqlQrPjdIKRbsyMCe9g5kSLpRRQGSr4Q58AOYEe/hCnfLZprh7viNisSUUQZmMrbbuDaIrP+V1ebQ=="
      },
      "Microsoft.Extensions.Hosting": {
        "type": "Transitive",
        "resolved": "8.0.1",
        "contentHash": "bP9EEkHBEfjgYiG8nUaXqMk/ujwJrffOkNPP7onpRMO8R+OUSESSP4xHkCAXgYZ1COP2Q9lXlU5gkMFh20gRuw==",
        "dependencies": {
          "Microsoft.Extensions.Configuration": "8.0.0",
          "Microsoft.Extensions.Configuration.Abstractions": "8.0.0",
          "Microsoft.Extensions.Configuration.Binder": "8.0.2",
          "Microsoft.Extensions.Configuration.CommandLine": "8.0.0",
          "Microsoft.Extensions.Configuration.EnvironmentVariables": "8.0.0",
          "Microsoft.Extensions.Configuration.FileExtensions": "8.0.1",
          "Microsoft.Extensions.Configuration.Json": "8.0.1",
          "Microsoft.Extensions.Configuration.UserSecrets": "8.0.1",
          "Microsoft.Extensions.DependencyInjection": "8.0.1",
          "Microsoft.Extensions.DependencyInjection.Abstractions": "8.0.2",
          "Microsoft.Extensions.Diagnostics": "8.0.1",
          "Microsoft.Extensions.FileProviders.Abstractions": "8.0.0",
          "Microsoft.Extensions.FileProviders.Physical": "8.0.0",
          "Microsoft.Extensions.Hosting.Abstractions": "8.0.1",
          "Microsoft.Extensions.Logging": "8.0.1",
          "Microsoft.Extensions.Logging.Abstractions": "8.0.2",
          "Microsoft.Extensions.Logging.Configuration": "8.0.1",
          "Microsoft.Extensions.Logging.Console": "8.0.1",
          "Microsoft.Extensions.Logging.Debug": "8.0.1",
          "Microsoft.Extensions.Logging.EventLog": "8.0.1",
          "Microsoft.Extensions.Logging.EventSource": "8.0.1",
          "Microsoft.Extensions.Options": "8.0.2"
        }
      },
      "Microsoft.Extensions.Hosting.Abstractions": {
        "type": "Transitive",
        "resolved": "8.0.1",
        "contentHash": "nHwq9aPBdBPYXPti6wYEEfgXddfBrYC+CQLn+qISiwQq5tpfaqDZSKOJNxoe9rfQxGf1c+2wC/qWFe1QYJPYqw==",
        "dependencies": {
          "Microsoft.Extensions.Configuration.Abstractions": "8.0.0",
          "Microsoft.Extensions.DependencyInjection.Abstractions": "8.0.2",
          "Microsoft.Extensions.Diagnostics.Abstractions": "8.0.1",
          "Microsoft.Extensions.FileProviders.Abstractions": "8.0.0",
          "Microsoft.Extensions.Logging.Abstractions": "8.0.2"
        }
      },
      "Microsoft.Extensions.Logging": {
        "type": "Transitive",
        "resolved": "8.0.1",
        "contentHash": "4x+pzsQEbqxhNf1QYRr5TDkLP9UsLT3A6MdRKDDEgrW7h1ljiEPgTNhKYUhNCCAaVpQECVQ+onA91PTPnIp6Lw==",
        "dependencies": {
          "Microsoft.Extensions.DependencyInjection": "8.0.1",
          "Microsoft.Extensions.Logging.Abstractions": "8.0.2",
          "Microsoft.Extensions.Options": "8.0.2"
        }
      },
      "Microsoft.Extensions.Logging.Abstractions": {
        "type": "Transitive",
        "resolved": "8.0.2",
        "contentHash": "nroMDjS7hNBPtkZqVBbSiQaQjWRDxITI8Y7XnDs97rqG3EbzVTNLZQf7bIeUJcaHOV8bca47s1Uxq94+2oGdxA==",
        "dependencies": {
          "Microsoft.Extensions.DependencyInjection.Abstractions": "8.0.2"
        }
      },
      "Microsoft.Extensions.Logging.Configuration": {
        "type": "Transitive",
        "resolved": "8.0.1",
        "contentHash": "QWwTrsgOnJMmn+XUslm8D2H1n3PkP/u/v52FODtyBc/k4W9r3i2vcXXeeX/upnzllJYRRbrzVzT0OclfNJtBJA==",
        "dependencies": {
          "Microsoft.Extensions.Configuration": "8.0.0",
          "Microsoft.Extensions.Configuration.Abstractions": "8.0.0",
          "Microsoft.Extensions.Configuration.Binder": "8.0.2",
          "Microsoft.Extensions.DependencyInjection.Abstractions": "8.0.2",
          "Microsoft.Extensions.Logging": "8.0.1",
          "Microsoft.Extensions.Logging.Abstractions": "8.0.2",
          "Microsoft.Extensions.Options": "8.0.2",
          "Microsoft.Extensions.Options.ConfigurationExtensions": "8.0.0"
        }
      },
      "Microsoft.Extensions.Logging.Console": {
        "type": "Transitive",
        "resolved": "8.0.1",
        "contentHash": "uzcg/5U2eLyn5LIKlERkdSxw6VPC1yydnOSQiRRWGBGN3kphq3iL4emORzrojScDmxRhv49gp5BI8U3Dz7y4iA==",
        "dependencies": {
          "Microsoft.Extensions.DependencyInjection.Abstractions": "8.0.2",
          "Microsoft.Extensions.Logging": "8.0.1",
          "Microsoft.Extensions.Logging.Abstractions": "8.0.2",
          "Microsoft.Extensions.Logging.Configuration": "8.0.1",
          "Microsoft.Extensions.Options": "8.0.2"
        }
      },
      "Microsoft.Extensions.Logging.Debug": {
        "type": "Transitive",
        "resolved": "8.0.1",
        "contentHash": "B8hqNuYudC2RB+L/DI33uO4rf5by41fZVdcVL2oZj0UyoAZqnwTwYHp1KafoH4nkl1/23piNeybFFASaV2HkFg==",
        "dependencies": {
          "Microsoft.Extensions.DependencyInjection.Abstractions": "8.0.2",
          "Microsoft.Extensions.Logging": "8.0.1",
          "Microsoft.Extensions.Logging.Abstractions": "8.0.2"
        }
      },
      "Microsoft.Extensions.Logging.EventLog": {
        "type": "Transitive",
        "resolved": "8.0.1",
        "contentHash": "ZD1m4GXoxcZeDJIq8qePKj+QAWeQNO/OG8skvrOG8RQfxLp9MAKRoliTc27xanoNUzeqvX5HhS/I7c0BvwAYUg==",
        "dependencies": {
          "Microsoft.Extensions.DependencyInjection.Abstractions": "8.0.2",
          "Microsoft.Extensions.Logging": "8.0.1",
          "Microsoft.Extensions.Logging.Abstractions": "8.0.2",
          "Microsoft.Extensions.Options": "8.0.2",
          "System.Diagnostics.EventLog": "8.0.1"
        }
      },
      "Microsoft.Extensions.Logging.EventSource": {
        "type": "Transitive",
        "resolved": "8.0.1",
        "contentHash": "YMXMAla6B6sEf/SnfZYTty633Ool3AH7KOw2LOaaEqwSo2piK4f7HMtzyc3CNiipDnq1fsUSuG5Oc7ZzpVy8WQ==",
        "dependencies": {
          "Microsoft.Extensions.DependencyInjection.Abstractions": "8.0.2",
          "Microsoft.Extensions.Logging": "8.0.1",
          "Microsoft.Extensions.Logging.Abstractions": "8.0.2",
          "Microsoft.Extensions.Options": "8.0.2",
          "Microsoft.Extensions.Primitives": "8.0.0"
        }
      },
      "Microsoft.Extensions.Options": {
        "type": "Transitive",
        "resolved": "8.0.2",
        "contentHash": "dWGKvhFybsaZpGmzkGCbNNwBD1rVlWzrZKANLW/CcbFJpCEceMCGzT7zZwHOGBCbwM0SzBuceMj5HN1LKV1QqA==",
        "dependencies": {
          "Microsoft.Extensions.DependencyInjection.Abstractions": "8.0.0",
          "Microsoft.Extensions.Primitives": "8.0.0"
        }
      },
      "Microsoft.Extensions.Options.ConfigurationExtensions": {
        "type": "Transitive",
        "resolved": "8.0.0",
        "contentHash": "0f4DMRqEd50zQh+UyJc+/HiBsZ3vhAQALgdkcQEalSH1L2isdC7Yj54M3cyo5e+BeO5fcBQ7Dxly8XiBBcvRgw==",
        "dependencies": {
          "Microsoft.Extensions.Configuration.Abstractions": "8.0.0",
          "Microsoft.Extensions.Configuration.Binder": "8.0.0",
          "Microsoft.Extensions.DependencyInjection.Abstractions": "8.0.0",
          "Microsoft.Extensions.Options": "8.0.0",
          "Microsoft.Extensions.Primitives": "8.0.0"
        }
      },
      "Microsoft.Extensions.Primitives": {
        "type": "Transitive",
        "resolved": "8.0.0",
        "contentHash": "bXJEZrW9ny8vjMF1JV253WeLhpEVzFo1lyaZu1vQ4ZxWUlVvknZ/+ftFgVheLubb4eZPSwwxBeqS1JkCOjxd8g=="
      },
      "SkiaSharp": {
        "type": "Transitive",
        "resolved": "2.88.9",
        "contentHash": "3MD5VHjXXieSHCleRLuaTXmL2pD0mB7CcOB1x2kA1I4bhptf4e3R27iM93264ZYuAq6mkUyX5XbcxnZvMJYc1Q==",
        "dependencies": {
          "SkiaSharp.NativeAssets.Win32": "2.88.9",
          "SkiaSharp.NativeAssets.macOS": "2.88.9"
        }
      },
      "SkiaSharp.NativeAssets.Linux": {
        "type": "Transitive",
        "resolved": "2.88.9",
        "contentHash": "cWSaJKVPWAaT/WIn9c8T5uT/l4ETwHxNJTkEOtNKjphNo8AW6TF9O32aRkxqw3l8GUdUo66Bu7EiqtFh/XG0Zg==",
        "dependencies": {
          "SkiaSharp": "2.88.9"
        }
      },
      "SkiaSharp.NativeAssets.macOS": {
        "type": "Transitive",
        "resolved": "2.88.9",
        "contentHash": "Nv5spmKc4505Ep7oUoJ5vp3KweFpeNqxpyGDWyeEPTX2uR6S6syXIm3gj75dM0YJz7NPvcix48mR5laqs8dPuA=="
      },
      "SkiaSharp.NativeAssets.WebAssembly": {
        "type": "Transitive",
        "resolved": "2.88.9",
        "contentHash": "kt06RccBHSnAs2wDYdBSfsjIDbY3EpsOVqnlDgKdgvyuRA8ZFDaHRdWNx1VHjGgYzmnFCGiTJBnXFl5BqGwGnA=="
      },
      "SkiaSharp.NativeAssets.Win32": {
        "type": "Transitive",
        "resolved": "2.88.9",
        "contentHash": "wb2kYgU7iy84nQLYZwMeJXixvK++GoIuECjU4ECaUKNuflyRlJKyiRhN1MAHswvlvzuvkrjRWlK0Za6+kYQK7w=="
      },
      "System.Diagnostics.EventLog": {
        "type": "Transitive",
        "resolved": "8.0.1",
        "contentHash": "n1ZP7NM2Gkn/MgD8+eOT5MulMj6wfeQMNS2Pizvq5GHCZfjlFMXV2irQlQmJhwA2VABC57M0auudO89Iu2uRLg=="
      },
      "System.IO.Pipelines": {
        "type": "Transitive",
        "resolved": "8.0.0",
        "contentHash": "FHNOatmUq0sqJOkTx+UF/9YK1f180cnW5FVqnQMvYUN0elp6wFzbtPSiqbo1/ru8ICp43JM1i7kKkk6GsNGHlA=="
      },
      "Tmds.DBus.Protocol": {
        "type": "Transitive",
        "resolved": "0.21.3",
        "contentHash": "hDwB8WsQoyALQKqIbwzS68UKdlnafDm4T/DkO/JrA/YIneP/rKv96SxYPVXeh3FP4i/SXfShrYftKLtciJAIlw==",
        "dependencies": {
          "System.IO.Pipelines": "8.0.0"
        }
      },
      "jarvis.core": {
        "type": "Project",
        "dependencies": {
          "Jarvis.SDK": "[1.0.0, )",
          "Microsoft.Extensions.Configuration": "[8.0.0, )",
          "Microsoft.Extensions.Configuration.Binder": "[8.0.2, )",
          "Microsoft.Extensions.Configuration.EnvironmentVariables": "[8.0.0, )",
          "Microsoft.Extensions.Configuration.Json": "[8.0.1, )",
          "Microsoft.Extensions.DependencyInjection": "[8.0.1, )",
          "Microsoft.Extensions.Hosting": "[8.0.1, )",
          "Microsoft.Extensions.Logging": "[8.0.1, )",
          "Microsoft.Extensions.Logging.Console": "[8.0.1, )"
        }
      },
      "jarvis.sdk": {
        "type": "Project",
        "dependencies": {
          "Microsoft.Extensions.Logging.Abstractions": "[8.0.2, )"
        }
      }
    }
  }
}